
Microsoft Visual Studio Solution File, Format Version 12.00
# Visual Studio Version 17
VisualStudioVersion = 17.13.35919.96
MinimumVisualStudioVersion = 10.0.40219.1
Project("{FAE04EC0-301F-11D3-BF4B-00C04F79EFBC}") = "Temp", "Temp\Temp.csproj", "{222B04E2-F604-4669-9279-8C0EE481025E}"
EndProject
Project("{FAE04EC0-301F-11D3-BF4B-00C04F79EFBC}") = "Test", "Test\Test.csproj", "{BF232B66-B738-46D9-8B23-7140F7F0237D}"
EndProject
Project("{FAE04EC0-301F-11D3-BF4B-00C04F79EFBC}") = "FactoryPattern", "FactoryPattern\FactoryPattern.csproj", "{02BCE2A9-450A-4F20-A96D-829DCB619A6D}"
EndProject
Project("{FAE04EC0-301F-11D3-BF4B-00C04F79EFBC}") = "APISolution", "APISolution\APISolution.csproj", "{E6DB2172-BA8B-492C-8981-ED4B676D70E9}"
EndProject
Project("{FAE04EC0-301F-11D3-BF4B-00C04F79EFBC}") = "TestPdfSharp", "TestPdfSharp\TestPdfSharp.csproj", "{947F091C-A2C1-4145-8CFB-882B1833DE21}"
EndProject
Project("{FAE04EC0-301F-11D3-BF4B-00C04F79EFBC}") = "Fix", "Fix\Fix.csproj", "{C136C6C5-24CD-414F-B191-56DEDE531FD7}"
EndProject
Project("{FAE04EC0-301F-11D3-BF4B-00C04F79EFBC}") = "PrinterService", "PrinterService\PrinterService.csproj", "{8024AE91-FADE-4203-B2DE-BCC9323B959C}"
EndProject
Global
	GlobalSection(SolutionConfigurationPlatforms) = preSolution
		Debug|Any CPU = Debug|Any CPU
		Release|Any CPU = Release|Any CPU
	EndGlobalSection
	GlobalSection(ProjectConfigurationPlatforms) = postSolution
		{222B04E2-F604-4669-9279-8C0EE481025E}.Debug|Any CPU.ActiveCfg = Debug|Any CPU
		{222B04E2-F604-4669-9279-8C0EE481025E}.Debug|Any CPU.Build.0 = Debug|Any CPU
		{222B04E2-F604-4669-9279-8C0EE481025E}.Release|Any CPU.ActiveCfg = Release|Any CPU
		{222B04E2-F604-4669-9279-8C0EE481025E}.Release|Any CPU.Build.0 = Release|Any CPU
		{BF232B66-B738-46D9-8B23-7140F7F0237D}.Debug|Any CPU.ActiveCfg = Debug|Any CPU
		{BF232B66-B738-46D9-8B23-7140F7F0237D}.Debug|Any CPU.Build.0 = Debug|Any CPU
		{BF232B66-B738-46D9-8B23-7140F7F0237D}.Release|Any CPU.ActiveCfg = Release|Any CPU
		{BF232B66-B738-46D9-8B23-7140F7F0237D}.Release|Any CPU.Build.0 = Release|Any CPU
		{02BCE2A9-450A-4F20-A96D-829DCB619A6D}.Debug|Any CPU.ActiveCfg = Debug|Any CPU
		{02BCE2A9-450A-4F20-A96D-829DCB619A6D}.Debug|Any CPU.Build.0 = Debug|Any CPU
		{02BCE2A9-450A-4F20-A96D-829DCB619A6D}.Release|Any CPU.ActiveCfg = Release|Any CPU
		{02BCE2A9-450A-4F20-A96D-829DCB619A6D}.Release|Any CPU.Build.0 = Release|Any CPU
		{E6DB2172-BA8B-492C-8981-ED4B676D70E9}.Debug|Any CPU.ActiveCfg = Debug|Any CPU
		{E6DB2172-BA8B-492C-8981-ED4B676D70E9}.Debug|Any CPU.Build.0 = Debug|Any CPU
		{E6DB2172-BA8B-492C-8981-ED4B676D70E9}.Release|Any CPU.ActiveCfg = Release|Any CPU
		{E6DB2172-BA8B-492C-8981-ED4B676D70E9}.Release|Any CPU.Build.0 = Release|Any CPU
		{947F091C-A2C1-4145-8CFB-882B1833DE21}.Debug|Any CPU.ActiveCfg = Debug|Any CPU
		{947F091C-A2C1-4145-8CFB-882B1833DE21}.Debug|Any CPU.Build.0 = Debug|Any CPU
		{947F091C-A2C1-4145-8CFB-882B1833DE21}.Release|Any CPU.ActiveCfg = Release|Any CPU
		{947F091C-A2C1-4145-8CFB-882B1833DE21}.Release|Any CPU.Build.0 = Release|Any CPU
		{C136C6C5-24CD-414F-B191-56DEDE531FD7}.Debug|Any CPU.ActiveCfg = Debug|Any CPU
		{C136C6C5-24CD-414F-B191-56DEDE531FD7}.Debug|Any CPU.Build.0 = Debug|Any CPU
		{C136C6C5-24CD-414F-B191-56DEDE531FD7}.Release|Any CPU.ActiveCfg = Release|Any CPU
		{C136C6C5-24CD-414F-B191-56DEDE531FD7}.Release|Any CPU.Build.0 = Release|Any CPU
		{8024AE91-FADE-4203-B2DE-BCC9323B959C}.Debug|Any CPU.ActiveCfg = Debug|Any CPU
		{8024AE91-FADE-4203-B2DE-BCC9323B959C}.Debug|Any CPU.Build.0 = Debug|Any CPU
		{8024AE91-FADE-4203-B2DE-BCC9323B959C}.Release|Any CPU.ActiveCfg = Release|Any CPU
		{8024AE91-FADE-4203-B2DE-BCC9323B959C}.Release|Any CPU.Build.0 = Release|Any CPU
	EndGlobalSection
	GlobalSection(SolutionProperties) = preSolution
		HideSolutionNode = FALSE
	EndGlobalSection
	GlobalSection(ExtensibilityGlobals) = postSolution
		SolutionGuid = {C31BCF38-34BC-4E28-A19A-50579AB33A88}
	EndGlobalSection
EndGlobal
